
Microsoft Visual Studio Solution File, Format Version 12.00
# Visual Studio Version 17
VisualStudioVersion = 17.3.32922.545
MinimumVisualStudioVersion = 10.0.40219.1
Project("{FAE04EC0-301F-11D3-BF4B-00C04F79EFBC}") = "ApiApplication", "ApiApplication\ApiApplication.csproj", "{0F14E617-B842-4F14-80BE-8FA3A6CC753A}"
EndProject
Global
	GlobalSection(SolutionConfigurationPlatforms) = preSolution
		Debug|Any CPU = Debug|Any CPU
		Release|Any CPU = Release|Any CPU
	EndGlobalSection
	GlobalSection(ProjectConfigurationPlatforms) = postSolution
		{0F14E617-B842-4F14-80BE-8FA3A6CC753A}.Debug|Any CPU.ActiveCfg = Debug|Any CPU
		{0F14E617-B842-4F14-80BE-8FA3A6CC753A}.Debug|Any CPU.Build.0 = Debug|Any CPU
		{0F14E617-B842-4F14-80BE-8FA3A6CC753A}.Release|Any CPU.ActiveCfg = Release|Any CPU
		{0F14E617-B842-4F14-80BE-8FA3A6CC753A}.Release|Any CPU.Build.0 = Release|Any CPU
	EndGlobalSection
	GlobalSection(SolutionProperties) = preSolution
		HideSolutionNode = FALSE
	EndGlobalSection
	GlobalSection(ExtensibilityGlobals) = postSolution
		SolutionGuid = {85C3D058-F4F9-4AD9-A2F1-8F0C43B672FC}
	EndGlobalSection
EndGlobal
